// !$*UTF8*$!
{
	archiveVersion = 1;
	classes = {
	};
	objectVersion = 48;
	objects = {

/* Begin PBXBuildFile section */
		23E5538A204E1F720085021C /* AppDelegate.swift in Sources */ = {isa = PBXBuildFile; fileRef = 23E55389204E1F720085021C /* AppDelegate.swift */; };
		23E5538C204E1F720085021C /* ViewController.swift in Sources */ = {isa = PBXBuildFile; fileRef = 23E5538B204E1F720085021C /* ViewController.swift */; };
		23E5538F204E1F720085021C /* Main.storyboard in Resources */ = {isa = PBXBuildFile; fileRef = 23E5538D204E1F720085021C /* Main.storyboard */; };
		23E55391204E1F720085021C /* Assets.xcassets in Resources */ = {isa = PBXBuildFile; fileRef = 23E55390204E1F720085021C /* Assets.xcassets */; };
		23E55394204E1F720085021C /* LaunchScreen.storyboard in Resources */ = {isa = PBXBuildFile; fileRef = 23E55392204E1F720085021C /* LaunchScreen.storyboard */; };
		23E553A3204E7C0D0085021C /* HQSegmentView.swift in Sources */ = {isa = PBXBuildFile; fileRef = 23E553A2204E7C0D0085021C /* HQSegmentView.swift */; };
/* End PBXBuildFile section */

/* Begin PBXFileReference section */
		23E55386204E1F720085021C /* HQSegment.app */ = {isa = PBXFileReference; explicitFileType = wrapper.application; includeInIndex = 0; path = HQSegment.app; sourceTree = BUILT_PRODUCTS_DIR; };
		23E55389204E1F720085021C /* AppDelegate.swift */ = {isa = PBXFileReference; lastKnownFileType = sourcecode.swift; path = AppDelegate.swift; sourceTree = "<group>"; };
		23E5538B204E1F720085021C /* ViewController.swift */ = {isa = PBXFileReference; lastKnownFileType = sourcecode.swift; path = ViewController.swift; sourceTree = "<group>"; };
		23E5538E204E1F720085021C /* Base */ = {isa = PBXFileReference; lastKnownFileType = file.storyboard; name = Base; path = Base.lproj/Main.storyboard; sourceTree = "<group>"; };
		23E55390204E1F720085021C /* Assets.xcassets */ = {isa = PBXFileReference; lastKnownFileType = folder.assetcatalog; path = Assets.xcassets; sourceTree = "<group>"; };
		23E55393204E1F720085021C /* Base */ = {isa = PBXFileReference; lastKnownFileType = file.storyboard; name = Base; path = Base.lproj/LaunchScreen.storyboard; sourceTree = "<group>"; };
		23E55395204E1F720085021C /* Info.plist */ = {isa = PBXFileReference; lastKnownFileType = text.plist.xml; path = Info.plist; sourceTree = "<group>"; };
		23E553A2204E7C0D0085021C /* HQSegmentView.swift */ = {isa = PBXFileReference; fileEncoding = 4; lastKnownFileType = sourcecode.swift; path = HQSegmentView.swift; sourceTree = "<group>"; };
/* End PBXFileReference section */

/* Begin PBXFrameworksBuildPhase section */
		23E55383204E1F720085021C /* Frameworks */ = {
			isa = PBXFrameworksBuildPhase;
			buildActionMask = 2147483647;
			files = (
			);
			runOnlyForDeploymentPostprocessing = 0;
		};
/* End PBXFrameworksBuildPhase section */

/* Begin PBXGroup section */
		23E5537D204E1F720085021C = {
			isa = PBXGroup;
			children = (
				23E55388204E1F720085021C /* HQSegment */,
				23E55387204E1F720085021C /* Products */,
			);
			sourceTree = "<group>";
		};
		23E55387204E1F720085021C /* Products */ = {
			isa = PBXGroup;
			children = (
				23E55386204E1F720085021C /* HQSegment.app */,
			);
			name = Products;
			sourceTree = "<group>";
		};
		23E55388204E1F720085021C /* HQSegment */ = {
			isa = PBXGroup;
			children = (
				23E5539B204E1FC50085021C /* HQSegment */,
				23E55389204E1F720085021C /* AppDelegate.swift */,
				23E5538B204E1F720085021C /* ViewController.swift */,
				23E5538D204E1F720085021C /* Main.storyboard */,
				23E55390204E1F720085021C /* Assets.xcassets */,
				23E55392204E1F720085021C /* LaunchScreen.storyboard */,
				23E55395204E1F720085021C /* Info.plist */,
			);
			path = HQSegment;
			sourceTree = "<group>";
		};
		23E5539B204E1FC50085021C /* HQSegment */ = {
			isa = PBXGroup;
			children = (
				23E553A2204E7C0D0085021C /* HQSegmentView.swift */,
			);
			path = HQSegment;
			sourceTree = "<group>";
		};
/* End PBXGroup section */

/* Begin PBXNativeTarget section */
		23E55385204E1F720085021C /* HQSegment */ = {
			isa = PBXNativeTarget;
			buildConfigurationList = 23E55398204E1F720085021C /* Build configuration list for PBXNativeTarget "HQSegment" */;
			buildPhases = (
				23E55382204E1F720085021C /* Sources */,
				23E55383204E1F720085021C /* Frameworks */,
				23E55384204E1F720085021C /* Resources */,
			);
			buildRules = (
			);
			dependencies = (
			);
			name = HQSegment;
			productName = HQSegment;
			productReference = 23E55386204E1F720085021C /* HQSegment.app */;
			productType = "com.apple.product-type.application";
		};
/* End PBXNativeTarget section */

/* Begin PBXProject section */
		23E5537E204E1F720085021C /* Project object */ = {
			isa = PBXProject;
			attributes = {
				LastSwiftUpdateCheck = 0900;
				LastUpgradeCheck = 0900;
				ORGANIZATIONNAME = HeQing;
				TargetAttributes = {
					23E55385204E1F720085021C = {
						CreatedOnToolsVersion = 9.0;
						ProvisioningStyle = Automatic;
					};
				};
			};
			buildConfigurationList = 23E55381204E1F720085021C /* Build configuration list for PBXProject "HQSegment" */;
			compatibilityVersion = "Xcode 8.0";
			developmentRegion = en;
			hasScannedForEncodings = 0;
			knownRegions = (
				en,
				Base,
			);
			mainGroup = 23E5537D204E1F720085021C;
			productRefGroup = 23E55387204E1F720085021C /* Products */;
			projectDirPath = "";
			projectRoot = "";
			targets = (
				23E55385204E1F720085021C /* HQSegment */,
			);
		};
/* End PBXProject section */

/* Begin PBXResourcesBuildPhase section */
		23E55384204E1F720085021C /* Resources */ = {
			isa = PBXResourcesBuildPhase;
			buildActionMask = 2147483647;
			files = (
				23E55394204E1F720085021C /* LaunchScreen.storyboard in Resources */,
				23E55391204E1F720085021C /* Assets.xcassets in Resources */,
				23E5538F204E1F720085021C /* Main.storyboard in Resources */,
			);
			runOnlyForDeploymentPostprocessing = 0;
		};
/* End PBXResourcesBuildPhase section */

/* Begin PBXSourcesBuildPhase section */
		23E55382204E1F720085021C /* Sources */ = {
			isa = PBXSourcesBuildPhase;
			buildActionMask = 2147483647;
			files = (
				23E5538C204E1F720085021C /* ViewController.swift in Sources */,
				23E553A3204E7C0D0085021C /* HQSegmentView.swift in Sources */,
				23E5538A204E1F720085021C /* AppDelegate.swift in Sources */,
			);
			runOnlyForDeploymentPostprocessing = 0;
		};
/* End PBXSourcesBuildPhase section */

/* Begin PBXVariantGroup section */
		23E5538D204E1F720085021C /* Main.storyboard */ = {
			isa = PBXVariantGroup;
			children = (
				23E5538E204E1F720085021C /* Base */,
			);
			name = Main.storyboard;
			sourceTree = "<group>";
		};
		23E55392204E1F720085021C /* LaunchScreen.storyboard */ = {
			isa = PBXVariantGroup;
			children = (
				23E55393204E1F720085021C /* Base */,
			);
			name = LaunchScreen.storyboard;
			sourceTree = "<group>";
		};
/* End PBXVariantGroup section */

/* Begin XCBuildConfiguration section */
		23E55396204E1F720085021C /* Debug */ = {
			isa = XCBuildConfiguration;
			buildSettings = {
				ALWAYS_SEARCH_USER_PATHS = NO;
				CLANG_ANALYZER_NONNULL = YES;
				CLANG_ANALYZER_NUMBER_OBJECT_CONVERSION = YES_AGGRESSIVE;
				CLANG_CXX_LANGUAGE_STANDARD = "gnu++14";
				CLANG_CXX_LIBRARY = "libc++";
				CLANG_ENABLE_MODULES = YES;
				CLANG_ENABLE_OBJC_ARC = YES;
				CLANG_WARN_BLOCK_CAPTURE_AUTORELEASING = YES;
				CLANG_WARN_BOOL_CONVERSION = YES;
				CLANG_WARN_COMMA = YES;
				CLANG_WARN_CONSTANT_CONVERSION = YES;
				CLANG_WARN_DIRECT_OBJC_ISA_USAGE = YES_ERROR;
				CLANG_WARN_DOCUMENTATION_COMMENTS = YES;
				CLANG_WARN_EMPTY_BODY = YES;
				CLANG_WARN_ENUM_CONVERSION = YES;
				CLANG_WARN_INFINITE_RECURSION = YES;
				CLANG_WARN_INT_CONVERSION = YES;
				CLANG_WARN_NON_LITERAL_NULL_CONVERSION = YES;
				CLANG_WARN_OBJC_LITERAL_CONVERSION = YES;
				CLANG_WARN_OBJC_ROOT_CLASS = YES_ERROR;
				CLANG_WARN_RANGE_LOOP_ANALYSIS = YES;
				CLANG_WARN_STRICT_PROTOTYPES = YES;
				CLANG_WARN_SUSPICIOUS_MOVE = YES;
				CLANG_WARN_UNGUARDED_AVAILABILITY = YES_AGGRESSIVE;
				CLANG_WARN_UNREACHABLE_CODE = YES;
				CLANG_WARN__DUPLICATE_METHOD_MATCH = YES;
				CODE_SIGN_IDENTITY = "iPhone Developer";
				COPY_PHASE_STRIP = NO;
				DEBUG_INFORMATION_FORMAT = dwarf;
				ENABLE_STRICT_OBJC_MSGSEND = YES;
				ENABLE_TESTABILITY = YES;
				GCC_C_LANGUAGE_STANDARD = gnu11;
				GCC_DYNAMIC_NO_PIC = NO;
				GCC_NO_COMMON_BLOCKS = YES;
				GCC_OPTIMIZATION_LEVEL = 0;
				GCC_PREPROCESSOR_DEFINITIONS = (
					"DEBUG=1",
					"$(inherited)",
				);
				GCC_WARN_64_TO_32_BIT_CONVERSION = YES;
				GCC_WARN_ABOUT_RETURN_TYPE = YES_ERROR;
				GCC_WARN_UNDECLARED_SELECTOR = YES;
				GCC_WARN_UNINITIALIZED_AUTOS = YES_AGGRESSIVE;
				GCC_WARN_UNUSED_FUNCTION = YES;
				GCC_WARN_UNUSED_VARIABLE = YES;
				IPHONEOS_DEPLOYMENT_TARGET = 11.0;
				MTL_ENABLE_DEBUG_INFO = YES;
				ONLY_ACTIVE_ARCH = YES;
				SDKROOT = iphoneos;
				SWIFT_ACTIVE_COMPILATION_CONDITIONS = DEBUG;
				SWIFT_OPTIMIZATION_LEVEL = "-Onone";
			};
			name = Debug;
		};
		23E55397204E1F720085021C /* Release */ = {
			isa = XCBuildConfiguration;
			buildSettings = {
				ALWAYS_SEARCH_USER_PATHS = NO;
				CLANG_ANALYZER_NONNULL = YES;
				CLANG_ANALYZER_NUMBER_OBJECT_CONVERSION = YES_AGGRESSIVE;
				CLANG_CXX_LANGUAGE_STANDARD = "gnu++14";
				CLANG_CXX_LIBRARY = "libc++";
				CLANG_ENABLE_MODULES = YES;
				CLANG_ENABLE_OBJC_ARC = YES;
				CLANG_WARN_BLOCK_CAPTURE_AUTORELEASING = YES;
				CLANG_WARN_BOOL_CONVERSION = YES;
				CLANG_WARN_COMMA = YES;
				CLANG_WARN_CONSTANT_CONVERSION = YES;
				CLANG_WARN_DIRECT_OBJC_ISA_USAGE = YES_ERROR;
				CLANG_WARN_DOCUMENTATION_COMMENTS = YES;
				CLANG_WARN_EMPTY_BODY = YES;
				CLANG_WARN_ENUM_CONVERSION = YES;
				CLANG_WARN_INFINITE_RECURSION = YES;
				CLANG_WARN_INT_CONVERSION = YES;
				CLANG_WARN_NON_LITERAL_NULL_CONVERSION = YES;
				CLANG_WARN_OBJC_LITERAL_CONVERSION = YES;
				CLANG_WARN_OBJC_ROOT_CLASS = YES_ERROR;
				CLANG_WARN_RANGE_LOOP_ANALYSIS = YES;
				CLANG_WARN_STRICT_PROTOTYPES = YES;
				CLANG_WARN_SUSPICIOUS_MOVE = YES;
				CLANG_WARN_UNGUARDED_AVAILABILITY = YES_AGGRESSIVE;
				CLANG_WARN_UNREACHABLE_CODE = YES;
				CLANG_WARN__DUPLICATE_METHOD_MATCH = YES;
				CODE_SIGN_IDENTITY = "iPhone Developer";
				COPY_PHASE_STRIP = NO;
				DEBUG_INFORMATION_FORMAT = "dwarf-with-dsym";
				ENABLE_NS_ASSERTIONS = NO;
				ENABLE_STRICT_OBJC_MSGSEND = YES;
				GCC_C_LANGUAGE_STANDARD = gnu11;
				GCC_NO_COMMON_BLOCKS = YES;
				GCC_WARN_64_TO_32_BIT_CONVERSION = YES;
				GCC_WARN_ABOUT_RETURN_TYPE = YES_ERROR;
				GCC_WARN_UNDECLARED_SELECTOR = YES;
				GCC_WARN_UNINITIALIZED_AUTOS = YES_AGGRESSIVE;
				GCC_WARN_UNUSED_FUNCTION = YES;
				GCC_WARN_UNUSED_VARIABLE = YES;
				IPHONEOS_DEPLOYMENT_TARGET = 11.0;
				MTL_ENABLE_DEBUG_INFO = NO;
				SDKROOT = iphoneos;
				SWIFT_OPTIMIZATION_LEVEL = "-Owholemodule";
				VALIDATE_PRODUCT = YES;
			};
			name = Release;
		};
		23E55399204E1F720085021C /* Debug */ = {
			isa = XCBuildConfiguration;
			buildSettings = {
				ASSETCATALOG_COMPILER_APPICON_NAME = AppIcon;
				CODE_SIGN_STYLE = Automatic;
				INFOPLIST_FILE = HQSegment/Info.plist;
				LD_RUNPATH_SEARCH_PATHS = "$(inherited) @executable_path/Frameworks";
				PRODUCT_BUNDLE_IDENTIFIER = com.cnki.HQSegment;
				PRODUCT_NAME = "$(TARGET_NAME)";
				SWIFT_VERSION = 4.0;
				TARGETED_DEVICE_FAMILY = "1,2";
			};
			name = Debug;
		};
		23E5539A204E1F720085021C /* Release */ = {
			isa = XCBuildConfiguration;
			buildSettings = {
				ASSETCATALOG_COMPILER_APPICON_NAME = AppIcon;
				CODE_SIGN_STYLE = Automatic;
				INFOPLIST_FILE = HQSegment/Info.plist;
				LD_RUNPATH_SEARCH_PATHS = "$(inherited) @executable_path/Frameworks";
				PRODUCT_BUNDLE_IDENTIFIER = com.cnki.HQSegment;
				PRODUCT_NAME = "$(TARGET_NAME)";
				SWIFT_VERSION = 4.0;
				TARGETED_DEVICE_FAMILY = "1,2";
			};
			name = Release;
		};
/* End XCBuildConfiguration section */

/* Begin XCConfigurationList section */
		23E55381204E1F720085021C /* Build configuration list for PBXProject "HQSegment" */ = {
			isa = XCConfigurationList;
			buildConfigurations = (
				23E55396204E1F720085021C /* Debug */,
				23E55397204E1F720085021C /* Release */,
			);
			defaultConfigurationIsVisible = 0;
			defaultConfigurationName = Release;
		};
		23E55398204E1F720085021C /* Build configuration list for PBXNativeTarget "HQSegment" */ = {
			isa = XCConfigurationList;
			buildConfigurations = (
				23E55399204E1F720085021C /* Debug */,
				23E5539A204E1F720085021C /* Release */,
			);
			defaultConfigurationIsVisible = 0;
			defaultConfigurationName = Release;
		};
/* End XCConfigurationList section */
	};
	rootObject = 23E5537E204E1F720085021C /* Project object */;
}
